// !$*UTF8*$!
{
	archiveVersion = 1;
	classes = {
	};
	objectVersion = 56;
	objects = {

/* Begin PBXBuildFile section */
		FE4C76A32C3DE11700ED711E /* Perception in Frameworks */ = {isa = PBXBuildFile; productRef = FE4C76A22C3DE11700ED711E /* Perception */; };
		FE4C76A62C3DE14400ED711E /* CasePaths in Frameworks */ = {isa = PBXBuildFile; productRef = FE4C76A52C3DE14400ED711E /* CasePaths */; };
		FE65EB332C3C6D8D00BC5F8A /* CalculatorTests.swift in Sources */ = {isa = PBXBuildFile; fileRef = FE65EB322C3C6D8D00BC5F8A /* CalculatorTests.swift */; };
		FE6A3CE32C3DC10A00C2FEE7 /* ComposableArchitecture in Frameworks */ = {isa = PBXBuildFile; productRef = FE6A3CE22C3DC10A00C2FEE7 /* ComposableArchitecture */; };
		FE8172622C3C8C4100C82E61 /* CalculatorFeatureTests.swift in Sources */ = {isa = PBXBuildFile; fileRef = FE8172612C3C8C4100C82E61 /* CalculatorFeatureTests.swift */; };
		FE8172652C3C9A1700C82E61 /* CalculatorButtonStyle.swift in Sources */ = {isa = PBXBuildFile; fileRef = FE8172642C3C9A1700C82E61 /* CalculatorButtonStyle.swift */; };
		FE9BF0F62C3DD7DC00F705A0 /* ComposableArchitecture in Frameworks */ = {isa = PBXBuildFile; productRef = FE9BF0F52C3DD7DC00F705A0 /* ComposableArchitecture */; };
		FEF511382C3C4D5600AB1EDA /* RPNCalcApp.swift in Sources */ = {isa = PBXBuildFile; fileRef = FEF511372C3C4D5600AB1EDA /* RPNCalcApp.swift */; };
		FEF5113A2C3C4D5600AB1EDA /* CalculatorView.swift in Sources */ = {isa = PBXBuildFile; fileRef = FEF511392C3C4D5600AB1EDA /* CalculatorView.swift */; };
		FEF5113C2C3C4D5800AB1EDA /* Assets.xcassets in Resources */ = {isa = PBXBuildFile; fileRef = FEF5113B2C3C4D5800AB1EDA /* Assets.xcassets */; };
		FEF5113F2C3C4D5800AB1EDA /* Preview Assets.xcassets in Resources */ = {isa = PBXBuildFile; fileRef = FEF5113E2C3C4D5800AB1EDA /* Preview Assets.xcassets */; };
		FEFB099E2C3C6CBD005DA687 /* Calculator.swift in Sources */ = {isa = PBXBuildFile; fileRef = FEFB09992C3C6CBD005DA687 /* Calculator.swift */; };
		FEFB099F2C3C6CBD005DA687 /* EquationElement.swift in Sources */ = {isa = PBXBuildFile; fileRef = FEFB099A2C3C6CBD005DA687 /* EquationElement.swift */; };
		FEFB09A02C3C6CBD005DA687 /* Operator.swift in Sources */ = {isa = PBXBuildFile; fileRef = FEFB099B2C3C6CBD005DA687 /* Operator.swift */; };
		FEFB09A12C3C6CBD005DA687 /* Stack.swift in Sources */ = {isa = PBXBuildFile; fileRef = FEFB099C2C3C6CBD005DA687 /* Stack.swift */; };
		FEFB09A42C3C6CDD005DA687 /* EquationElementTests.swift in Sources */ = {isa = PBXBuildFile; fileRef = FEFB09A22C3C6CDD005DA687 /* EquationElementTests.swift */; };
/* End PBXBuildFile section */

/* Begin PBXContainerItemProxy section */
		FEF511452C3C4D5800AB1EDA /* PBXContainerItemProxy */ = {
			isa = PBXContainerItemProxy;
			containerPortal = FEF5112C2C3C4D5600AB1EDA /* Project object */;
			proxyType = 1;
			remoteGlobalIDString = FEF511332C3C4D5600AB1EDA;
			remoteInfo = RPNCalc;
		};
/* End PBXContainerItemProxy section */

/* Begin PBXFileReference section */
		FE4C769F2C3DDE4500ED711E /* CoreAudioTypes.framework */ = {isa = PBXFileReference; lastKnownFileType = wrapper.framework; name = CoreAudioTypes.framework; path = System/Library/Frameworks/CoreAudioTypes.framework; sourceTree = SDKROOT; };
		FE65EB322C3C6D8D00BC5F8A /* CalculatorTests.swift */ = {isa = PBXFileReference; fileEncoding = 4; lastKnownFileType = sourcecode.swift; path = CalculatorTests.swift; sourceTree = "<group>"; };
		FE8172612C3C8C4100C82E61 /* CalculatorFeatureTests.swift */ = {isa = PBXFileReference; lastKnownFileType = sourcecode.swift; path = CalculatorFeatureTests.swift; sourceTree = "<group>"; };
		FE8172642C3C9A1700C82E61 /* CalculatorButtonStyle.swift */ = {isa = PBXFileReference; lastKnownFileType = sourcecode.swift; path = CalculatorButtonStyle.swift; sourceTree = "<group>"; };
		FEF511342C3C4D5600AB1EDA /* RPNCalc.app */ = {isa = PBXFileReference; explicitFileType = wrapper.application; includeInIndex = 0; path = RPNCalc.app; sourceTree = BUILT_PRODUCTS_DIR; };
		FEF511372C3C4D5600AB1EDA /* RPNCalcApp.swift */ = {isa = PBXFileReference; lastKnownFileType = sourcecode.swift; path = RPNCalcApp.swift; sourceTree = "<group>"; };
		FEF511392C3C4D5600AB1EDA /* CalculatorView.swift */ = {isa = PBXFileReference; lastKnownFileType = sourcecode.swift; path = CalculatorView.swift; sourceTree = "<group>"; };
		FEF5113B2C3C4D5800AB1EDA /* Assets.xcassets */ = {isa = PBXFileReference; lastKnownFileType = folder.assetcatalog; path = Assets.xcassets; sourceTree = "<group>"; };
		FEF5113E2C3C4D5800AB1EDA /* Preview Assets.xcassets */ = {isa = PBXFileReference; lastKnownFileType = folder.assetcatalog; path = "Preview Assets.xcassets"; sourceTree = "<group>"; };
		FEF511442C3C4D5800AB1EDA /* RPNCalcTests.xctest */ = {isa = PBXFileReference; explicitFileType = wrapper.cfbundle; includeInIndex = 0; path = RPNCalcTests.xctest; sourceTree = BUILT_PRODUCTS_DIR; };
		FEFB09992C3C6CBD005DA687 /* Calculator.swift */ = {isa = PBXFileReference; fileEncoding = 4; lastKnownFileType = sourcecode.swift; path = Calculator.swift; sourceTree = "<group>"; };
		FEFB099A2C3C6CBD005DA687 /* EquationElement.swift */ = {isa = PBXFileReference; fileEncoding = 4; lastKnownFileType = sourcecode.swift; path = EquationElement.swift; sourceTree = "<group>"; };
		FEFB099B2C3C6CBD005DA687 /* Operator.swift */ = {isa = PBXFileReference; fileEncoding = 4; lastKnownFileType = sourcecode.swift; path = Operator.swift; sourceTree = "<group>"; };
		FEFB099C2C3C6CBD005DA687 /* Stack.swift */ = {isa = PBXFileReference; fileEncoding = 4; lastKnownFileType = sourcecode.swift; path = Stack.swift; sourceTree = "<group>"; };
		FEFB09A22C3C6CDD005DA687 /* EquationElementTests.swift */ = {isa = PBXFileReference; fileEncoding = 4; lastKnownFileType = sourcecode.swift; path = EquationElementTests.swift; sourceTree = "<group>"; };
/* End PBXFileReference section */

/* Begin PBXFrameworksBuildPhase section */
		FEF511312C3C4D5600AB1EDA /* Frameworks */ = {
			isa = PBXFrameworksBuildPhase;
			buildActionMask = 2147483647;
			files = (
				FE6A3CE32C3DC10A00C2FEE7 /* ComposableArchitecture in Frameworks */,
				FE4C76A32C3DE11700ED711E /* Perception in Frameworks */,
				FE4C76A62C3DE14400ED711E /* CasePaths in Frameworks */,
			);
			runOnlyForDeploymentPostprocessing = 0;
		};
		FEF511412C3C4D5800AB1EDA /* Frameworks */ = {
			isa = PBXFrameworksBuildPhase;
			buildActionMask = 2147483647;
			files = (
				FE9BF0F62C3DD7DC00F705A0 /* ComposableArchitecture in Frameworks */,
			);
			runOnlyForDeploymentPostprocessing = 0;
		};
/* End PBXFrameworksBuildPhase section */

/* Begin PBXGroup section */
		FE65EB342C3C70C200BC5F8A /* Views */ = {
			isa = PBXGroup;
			children = (
				FEF511392C3C4D5600AB1EDA /* CalculatorView.swift */,
			);
			path = Views;
			sourceTree = "<group>";
		};
		FE8172602C3C8C1B00C82E61 /* Views */ = {
			isa = PBXGroup;
			children = (
				FE8172612C3C8C4100C82E61 /* CalculatorFeatureTests.swift */,
			);
			path = Views;
			sourceTree = "<group>";
		};
		FE8172632C3C9A0300C82E61 /* Styles */ = {
			isa = PBXGroup;
			children = (
				FE8172642C3C9A1700C82E61 /* CalculatorButtonStyle.swift */,
			);
			path = Styles;
			sourceTree = "<group>";
		};
		FE9BF0F42C3DD7DC00F705A0 /* Frameworks */ = {
			isa = PBXGroup;
			children = (
				FE4C769F2C3DDE4500ED711E /* CoreAudioTypes.framework */,
			);
			name = Frameworks;
			sourceTree = "<group>";
		};
		FEF5112B2C3C4D5600AB1EDA = {
			isa = PBXGroup;
			children = (
				FEF511362C3C4D5600AB1EDA /* RPNCalc */,
				FEF511472C3C4D5800AB1EDA /* RPNCalcTests */,
				FEF511352C3C4D5600AB1EDA /* Products */,
				FE9BF0F42C3DD7DC00F705A0 /* Frameworks */,
			);
			sourceTree = "<group>";
		};
		FEF511352C3C4D5600AB1EDA /* Products */ = {
			isa = PBXGroup;
			children = (
				FEF511342C3C4D5600AB1EDA /* RPNCalc.app */,
				FEF511442C3C4D5800AB1EDA /* RPNCalcTests.xctest */,
			);
			name = Products;
			sourceTree = "<group>";
		};
		FEF511362C3C4D5600AB1EDA /* RPNCalc */ = {
			isa = PBXGroup;
			children = (
				FEF5113B2C3C4D5800AB1EDA /* Assets.xcassets */,
				FEF511372C3C4D5600AB1EDA /* RPNCalcApp.swift */,
				FEFB099D2C3C6CBD005DA687 /* Models */,
				FE8172632C3C9A0300C82E61 /* Styles */,
				FE65EB342C3C70C200BC5F8A /* Views */,
				FEF5113D2C3C4D5800AB1EDA /* Preview Content */,
			);
			path = RPNCalc;
			sourceTree = "<group>";
		};
		FEF5113D2C3C4D5800AB1EDA /* Preview Content */ = {
			isa = PBXGroup;
			children = (
				FEF5113E2C3C4D5800AB1EDA /* Preview Assets.xcassets */,
			);
			path = "Preview Content";
			sourceTree = "<group>";
		};
		FEF511472C3C4D5800AB1EDA /* RPNCalcTests */ = {
			isa = PBXGroup;
			children = (
				FE8172602C3C8C1B00C82E61 /* Views */,
				FEFB09A32C3C6CDD005DA687 /* Models */,
			);
			path = RPNCalcTests;
			sourceTree = "<group>";
		};
		FEFB099D2C3C6CBD005DA687 /* Models */ = {
			isa = PBXGroup;
			children = (
				FEFB09992C3C6CBD005DA687 /* Calculator.swift */,
				FEFB099A2C3C6CBD005DA687 /* EquationElement.swift */,
				FEFB099B2C3C6CBD005DA687 /* Operator.swift */,
				FEFB099C2C3C6CBD005DA687 /* Stack.swift */,
			);
			path = Models;
			sourceTree = "<group>";
		};
		FEFB09A32C3C6CDD005DA687 /* Models */ = {
			isa = PBXGroup;
			children = (
				FE65EB322C3C6D8D00BC5F8A /* CalculatorTests.swift */,
				FEFB09A22C3C6CDD005DA687 /* EquationElementTests.swift */,
			);
			path = Models;
			sourceTree = "<group>";
		};
/* End PBXGroup section */

/* Begin PBXNativeTarget section */
		FEF511332C3C4D5600AB1EDA /* RPNCalc */ = {
			isa = PBXNativeTarget;
			buildConfigurationList = FEF511582C3C4D5800AB1EDA /* Build configuration list for PBXNativeTarget "RPNCalc" */;
			buildPhases = (
				FEF511302C3C4D5600AB1EDA /* Sources */,
				FEF511312C3C4D5600AB1EDA /* Frameworks */,
				FEF511322C3C4D5600AB1EDA /* Resources */,
			);
			buildRules = (
			);
			dependencies = (
			);
			name = RPNCalc;
			packageProductDependencies = (
				FE6A3CE22C3DC10A00C2FEE7 /* ComposableArchitecture */,
				FE4C76A22C3DE11700ED711E /* Perception */,
				FE4C76A52C3DE14400ED711E /* CasePaths */,
			);
			productName = RPNCalc;
			productReference = FEF511342C3C4D5600AB1EDA /* RPNCalc.app */;
			productType = "com.apple.product-type.application";
		};
		FEF511432C3C4D5800AB1EDA /* RPNCalcTests */ = {
			isa = PBXNativeTarget;
			buildConfigurationList = FEF5115B2C3C4D5800AB1EDA /* Build configuration list for PBXNativeTarget "RPNCalcTests" */;
			buildPhases = (
				FEF511402C3C4D5800AB1EDA /* Sources */,
				FEF511412C3C4D5800AB1EDA /* Frameworks */,
				FEF511422C3C4D5800AB1EDA /* Resources */,
			);
			buildRules = (
			);
			dependencies = (
				FEF511462C3C4D5800AB1EDA /* PBXTargetDependency */,
			);
			name = RPNCalcTests;
			packageProductDependencies = (
				FE9BF0F52C3DD7DC00F705A0 /* ComposableArchitecture */,
			);
			productName = RPNCalcTests;
			productReference = FEF511442C3C4D5800AB1EDA /* RPNCalcTests.xctest */;
			productType = "com.apple.product-type.bundle.unit-test";
		};
/* End PBXNativeTarget section */

/* Begin PBXProject section */
		FEF5112C2C3C4D5600AB1EDA /* Project object */ = {
			isa = PBXProject;
			attributes = {
				BuildIndependentTargetsInParallel = 1;
				LastSwiftUpdateCheck = 1540;
				LastUpgradeCheck = 1540;
				TargetAttributes = {
					FEF511332C3C4D5600AB1EDA = {
						CreatedOnToolsVersion = 15.4;
					};
					FEF511432C3C4D5800AB1EDA = {
						CreatedOnToolsVersion = 15.4;
						TestTargetID = FEF511332C3C4D5600AB1EDA;
					};
				};
			};
			buildConfigurationList = FEF5112F2C3C4D5600AB1EDA /* Build configuration list for PBXProject "RPNCalc" */;
			compatibilityVersion = "Xcode 14.0";
			developmentRegion = en;
			hasScannedForEncodings = 0;
			knownRegions = (
				en,
				Base,
			);
			mainGroup = FEF5112B2C3C4D5600AB1EDA;
			packageReferences = (
				FE6A3CE12C3DC10A00C2FEE7 /* XCRemoteSwiftPackageReference "swift-composable-architecture" */,
				FE4C76A12C3DE11700ED711E /* XCRemoteSwiftPackageReference "swift-perception" */,
				FE4C76A42C3DE14400ED711E /* XCRemoteSwiftPackageReference "swift-case-paths" */,
			);
			productRefGroup = FEF511352C3C4D5600AB1EDA /* Products */;
			projectDirPath = "";
			projectRoot = "";
			targets = (
				FEF511332C3C4D5600AB1EDA /* RPNCalc */,
				FEF511432C3C4D5800AB1EDA /* RPNCalcTests */,
			);
		};
/* End PBXProject section */

/* Begin PBXResourcesBuildPhase section */
		FEF511322C3C4D5600AB1EDA /* Resources */ = {
			isa = PBXResourcesBuildPhase;
			buildActionMask = 2147483647;
			files = (
				FEF5113F2C3C4D5800AB1EDA /* Preview Assets.xcassets in Resources */,
				FEF5113C2C3C4D5800AB1EDA /* Assets.xcassets in Resources */,
			);
			runOnlyForDeploymentPostprocessing = 0;
		};
		FEF511422C3C4D5800AB1EDA /* Resources */ = {
			isa = PBXResourcesBuildPhase;
			buildActionMask = 2147483647;
			files = (
			);
			runOnlyForDeploymentPostprocessing = 0;
		};
/* End PBXResourcesBuildPhase section */

/* Begin PBXSourcesBuildPhase section */
		FEF511302C3C4D5600AB1EDA /* Sources */ = {
			isa = PBXSourcesBuildPhase;
			buildActionMask = 2147483647;
			files = (
				FEFB099F2C3C6CBD005DA687 /* EquationElement.swift in Sources */,
				FEF5113A2C3C4D5600AB1EDA /* CalculatorView.swift in Sources */,
				FE8172652C3C9A1700C82E61 /* CalculatorButtonStyle.swift in Sources */,
				FEFB09A02C3C6CBD005DA687 /* Operator.swift in Sources */,
				FEF511382C3C4D5600AB1EDA /* RPNCalcApp.swift in Sources */,
				FEFB09A12C3C6CBD005DA687 /* Stack.swift in Sources */,
				FEFB099E2C3C6CBD005DA687 /* Calculator.swift in Sources */,
			);
			runOnlyForDeploymentPostprocessing = 0;
		};
		FEF511402C3C4D5800AB1EDA /* Sources */ = {
			isa = PBXSourcesBuildPhase;
			buildActionMask = 2147483647;
			files = (
				FEFB09A42C3C6CDD005DA687 /* EquationElementTests.swift in Sources */,
				FE65EB332C3C6D8D00BC5F8A /* CalculatorTests.swift in Sources */,
				FE8172622C3C8C4100C82E61 /* CalculatorFeatureTests.swift in Sources */,
			);
			runOnlyForDeploymentPostprocessing = 0;
		};
/* End PBXSourcesBuildPhase section */

/* Begin PBXTargetDependency section */
		FEF511462C3C4D5800AB1EDA /* PBXTargetDependency */ = {
			isa = PBXTargetDependency;
			target = FEF511332C3C4D5600AB1EDA /* RPNCalc */;
			targetProxy = FEF511452C3C4D5800AB1EDA /* PBXContainerItemProxy */;
		};
/* End PBXTargetDependency section */

/* Begin XCBuildConfiguration section */
		FEF511562C3C4D5800AB1EDA /* Debug */ = {
			isa = XCBuildConfiguration;
			buildSettings = {
				ALWAYS_SEARCH_USER_PATHS = NO;
				ASSETCATALOG_COMPILER_GENERATE_SWIFT_ASSET_SYMBOL_EXTENSIONS = YES;
				CLANG_ANALYZER_NONNULL = YES;
				CLANG_ANALYZER_NUMBER_OBJECT_CONVERSION = YES_AGGRESSIVE;
				CLANG_CXX_LANGUAGE_STANDARD = "gnu++20";
				CLANG_ENABLE_MODULES = YES;
				CLANG_ENABLE_OBJC_ARC = YES;
				CLANG_ENABLE_OBJC_WEAK = YES;
				CLANG_WARN_BLOCK_CAPTURE_AUTORELEASING = YES;
				CLANG_WARN_BOOL_CONVERSION = YES;
				CLANG_WARN_COMMA = YES;
				CLANG_WARN_CONSTANT_CONVERSION = YES;
				CLANG_WARN_DEPRECATED_OBJC_IMPLEMENTATIONS = YES;
				CLANG_WARN_DIRECT_OBJC_ISA_USAGE = YES_ERROR;
				CLANG_WARN_DOCUMENTATION_COMMENTS = YES;
				CLANG_WARN_EMPTY_BODY = YES;
				CLANG_WARN_ENUM_CONVERSION = YES;
				CLANG_WARN_INFINITE_RECURSION = YES;
				CLANG_WARN_INT_CONVERSION = YES;
				CLANG_WARN_NON_LITERAL_NULL_CONVERSION = YES;
				CLANG_WARN_OBJC_IMPLICIT_RETAIN_SELF = YES;
				CLANG_WARN_OBJC_LITERAL_CONVERSION = YES;
				CLANG_WARN_OBJC_ROOT_CLASS = YES_ERROR;
				CLANG_WARN_QUOTED_INCLUDE_IN_FRAMEWORK_HEADER = YES;
				CLANG_WARN_RANGE_LOOP_ANALYSIS = YES;
				CLANG_WARN_STRICT_PROTOTYPES = YES;
				CLANG_WARN_SUSPICIOUS_MOVE = YES;
				CLANG_WARN_UNGUARDED_AVAILABILITY = YES_AGGRESSIVE;
				CLANG_WARN_UNREACHABLE_CODE = YES;
				CLANG_WARN__DUPLICATE_METHOD_MATCH = YES;
				COPY_PHASE_STRIP = NO;
				DEBUG_INFORMATION_FORMAT = dwarf;
				ENABLE_STRICT_OBJC_MSGSEND = YES;
				ENABLE_TESTABILITY = YES;
				ENABLE_USER_SCRIPT_SANDBOXING = YES;
				GCC_C_LANGUAGE_STANDARD = gnu17;
				GCC_DYNAMIC_NO_PIC = NO;
				GCC_NO_COMMON_BLOCKS = YES;
				GCC_OPTIMIZATION_LEVEL = 0;
				GCC_PREPROCESSOR_DEFINITIONS = (
					"DEBUG=1",
					"$(inherited)",
				);
				GCC_WARN_64_TO_32_BIT_CONVERSION = YES;
				GCC_WARN_ABOUT_RETURN_TYPE = YES_ERROR;
				GCC_WARN_UNDECLARED_SELECTOR = YES;
				GCC_WARN_UNINITIALIZED_AUTOS = YES_AGGRESSIVE;
				GCC_WARN_UNUSED_FUNCTION = YES;
				GCC_WARN_UNUSED_VARIABLE = YES;
				IPHONEOS_DEPLOYMENT_TARGET = 17.5;
				LOCALIZATION_PREFERS_STRING_CATALOGS = YES;
				MTL_ENABLE_DEBUG_INFO = INCLUDE_SOURCE;
				MTL_FAST_MATH = YES;
				ONLY_ACTIVE_ARCH = YES;
				SDKROOT = iphoneos;
				SWIFT_ACTIVE_COMPILATION_CONDITIONS = "DEBUG $(inherited)";
				SWIFT_OPTIMIZATION_LEVEL = "-Onone";
			};
			name = Debug;
		};
		FEF511572C3C4D5800AB1EDA /* Release */ = {
			isa = XCBuildConfiguration;
			buildSettings = {
				ALWAYS_SEARCH_USER_PATHS = NO;
				ASSETCATALOG_COMPILER_GENERATE_SWIFT_ASSET_SYMBOL_EXTENSIONS = YES;
				CLANG_ANALYZER_NONNULL = YES;
				CLANG_ANALYZER_NUMBER_OBJECT_CONVERSION = YES_AGGRESSIVE;
				CLANG_CXX_LANGUAGE_STANDARD = "gnu++20";
				CLANG_ENABLE_MODULES = YES;
				CLANG_ENABLE_OBJC_ARC = YES;
				CLANG_ENABLE_OBJC_WEAK = YES;
				CLANG_WARN_BLOCK_CAPTURE_AUTORELEASING = YES;
				CLANG_WARN_BOOL_CONVERSION = YES;
				CLANG_WARN_COMMA = YES;
				CLANG_WARN_CONSTANT_CONVERSION = YES;
				CLANG_WARN_DEPRECATED_OBJC_IMPLEMENTATIONS = YES;
				CLANG_WARN_DIRECT_OBJC_ISA_USAGE = YES_ERROR;
				CLANG_WARN_DOCUMENTATION_COMMENTS = YES;
				CLANG_WARN_EMPTY_BODY = YES;
				CLANG_WARN_ENUM_CONVERSION = YES;
				CLANG_WARN_INFINITE_RECURSION = YES;
				CLANG_WARN_INT_CONVERSION = YES;
				CLANG_WARN_NON_LITERAL_NULL_CONVERSION = YES;
				CLANG_WARN_OBJC_IMPLICIT_RETAIN_SELF = YES;
				CLANG_WARN_OBJC_LITERAL_CONVERSION = YES;
				CLANG_WARN_OBJC_ROOT_CLASS = YES_ERROR;
				CLANG_WARN_QUOTED_INCLUDE_IN_FRAMEWORK_HEADER = YES;
				CLANG_WARN_RANGE_LOOP_ANALYSIS = YES;
				CLANG_WARN_STRICT_PROTOTYPES = YES;
				CLANG_WARN_SUSPICIOUS_MOVE = YES;
				CLANG_WARN_UNGUARDED_AVAILABILITY = YES_AGGRESSIVE;
				CLANG_WARN_UNREACHABLE_CODE = YES;
				CLANG_WARN__DUPLICATE_METHOD_MATCH = YES;
				COPY_PHASE_STRIP = NO;
				DEBUG_INFORMATION_FORMAT = "dwarf-with-dsym";
				ENABLE_NS_ASSERTIONS = NO;
				ENABLE_STRICT_OBJC_MSGSEND = YES;
				ENABLE_USER_SCRIPT_SANDBOXING = YES;
				GCC_C_LANGUAGE_STANDARD = gnu17;
				GCC_NO_COMMON_BLOCKS = YES;
				GCC_WARN_64_TO_32_BIT_CONVERSION = YES;
				GCC_WARN_ABOUT_RETURN_TYPE = YES_ERROR;
				GCC_WARN_UNDECLARED_SELECTOR = YES;
				GCC_WARN_UNINITIALIZED_AUTOS = YES_AGGRESSIVE;
				GCC_WARN_UNUSED_FUNCTION = YES;
				GCC_WARN_UNUSED_VARIABLE = YES;
				IPHONEOS_DEPLOYMENT_TARGET = 17.5;
				LOCALIZATION_PREFERS_STRING_CATALOGS = YES;
				MTL_ENABLE_DEBUG_INFO = NO;
				MTL_FAST_MATH = YES;
				SDKROOT = iphoneos;
				SWIFT_COMPILATION_MODE = wholemodule;
				VALIDATE_PRODUCT = YES;
			};
			name = Release;
		};
		FEF511592C3C4D5800AB1EDA /* Debug */ = {
			isa = XCBuildConfiguration;
			buildSettings = {
				ASSETCATALOG_COMPILER_APPICON_NAME = AppIcon;
				ASSETCATALOG_COMPILER_GLOBAL_ACCENT_COLOR_NAME = AccentColor;
				CODE_SIGN_STYLE = Automatic;
				CURRENT_PROJECT_VERSION = 1;
				DEVELOPMENT_ASSET_PATHS = "\"RPNCalc/Preview Content\"";
				DEVELOPMENT_TEAM = 7LSUEYG3GC;
				ENABLE_PREVIEWS = YES;
				GENERATE_INFOPLIST_FILE = YES;
				INFOPLIST_KEY_UIApplicationSceneManifest_Generation = YES;
				INFOPLIST_KEY_UIApplicationSupportsIndirectInputEvents = YES;
				INFOPLIST_KEY_UILaunchScreen_Generation = YES;
				INFOPLIST_KEY_UISupportedInterfaceOrientations_iPad = "UIInterfaceOrientationPortrait UIInterfaceOrientationPortraitUpsideDown UIInterfaceOrientationLandscapeLeft UIInterfaceOrientationLandscapeRight";
				INFOPLIST_KEY_UISupportedInterfaceOrientations_iPhone = "UIInterfaceOrientationPortrait UIInterfaceOrientationLandscapeLeft UIInterfaceOrientationLandscapeRight";
				LD_RUNPATH_SEARCH_PATHS = (
					"$(inherited)",
					"@executable_path/Frameworks",
				);
				MARKETING_VERSION = 1.0;
				PRODUCT_BUNDLE_IDENTIFIER = com.bergquester.RPNCalc;
				PRODUCT_NAME = "$(TARGET_NAME)";
				SWIFT_EMIT_LOC_STRINGS = YES;
				SWIFT_VERSION = 5.0;
				TARGETED_DEVICE_FAMILY = "1,2";
			};
			name = Debug;
		};
		FEF5115A2C3C4D5800AB1EDA /* Release */ = {
			isa = XCBuildConfiguration;
			buildSettings = {
				ASSETCATALOG_COMPILER_APPICON_NAME = AppIcon;
				ASSETCATALOG_COMPILER_GLOBAL_ACCENT_COLOR_NAME = AccentColor;
				CODE_SIGN_STYLE = Automatic;
				CURRENT_PROJECT_VERSION = 1;
				DEVELOPMENT_ASSET_PATHS = "\"RPNCalc/Preview Content\"";
				DEVELOPMENT_TEAM = 7LSUEYG3GC;
				ENABLE_PREVIEWS = YES;
				GENERATE_INFOPLIST_FILE = YES;
				INFOPLIST_KEY_UIApplicationSceneManifest_Generation = YES;
				INFOPLIST_KEY_UIApplicationSupportsIndirectInputEvents = YES;
				INFOPLIST_KEY_UILaunchScreen_Generation = YES;
				INFOPLIST_KEY_UISupportedInterfaceOrientations_iPad = "UIInterfaceOrientationPortrait UIInterfaceOrientationPortraitUpsideDown UIInterfaceOrientationLandscapeLeft UIInterfaceOrientationLandscapeRight";
				INFOPLIST_KEY_UISupportedInterfaceOrientations_iPhone = "UIInterfaceOrientationPortrait UIInterfaceOrientationLandscapeLeft UIInterfaceOrientationLandscapeRight";
				LD_RUNPATH_SEARCH_PATHS = (
					"$(inherited)",
					"@executable_path/Frameworks",
				);
				MARKETING_VERSION = 1.0;
				PRODUCT_BUNDLE_IDENTIFIER = com.bergquester.RPNCalc;
				PRODUCT_NAME = "$(TARGET_NAME)";
				SWIFT_EMIT_LOC_STRINGS = YES;
				SWIFT_VERSION = 5.0;
				TARGETED_DEVICE_FAMILY = "1,2";
			};
			name = Release;
		};
		FEF5115C2C3C4D5800AB1EDA /* Debug */ = {
			isa = XCBuildConfiguration;
			buildSettings = {
				ALWAYS_EMBED_SWIFT_STANDARD_LIBRARIES = YES;
				BUNDLE_LOADER = "$(TEST_HOST)";
				CODE_SIGN_STYLE = Automatic;
				CURRENT_PROJECT_VERSION = 1;
				DEVELOPMENT_TEAM = 7LSUEYG3GC;
				GENERATE_INFOPLIST_FILE = YES;
				IPHONEOS_DEPLOYMENT_TARGET = 17.5;
				MARKETING_VERSION = 1.0;
				PRODUCT_BUNDLE_IDENTIFIER = com.bergquester.RPNCalcTests;
				PRODUCT_NAME = "$(TARGET_NAME)";
				SWIFT_EMIT_LOC_STRINGS = NO;
				SWIFT_VERSION = 5.0;
				TARGETED_DEVICE_FAMILY = "1,2";
				TEST_HOST = "$(BUILT_PRODUCTS_DIR)/RPNCalc.app/$(BUNDLE_EXECUTABLE_FOLDER_PATH)/RPNCalc";
			};
			name = Debug;
		};
		FEF5115D2C3C4D5800AB1EDA /* Release */ = {
			isa = XCBuildConfiguration;
			buildSettings = {
				ALWAYS_EMBED_SWIFT_STANDARD_LIBRARIES = YES;
				BUNDLE_LOADER = "$(TEST_HOST)";
				CODE_SIGN_STYLE = Automatic;
				CURRENT_PROJECT_VERSION = 1;
				DEVELOPMENT_TEAM = 7LSUEYG3GC;
				GENERATE_INFOPLIST_FILE = YES;
				IPHONEOS_DEPLOYMENT_TARGET = 17.5;
				MARKETING_VERSION = 1.0;
				PRODUCT_BUNDLE_IDENTIFIER = com.bergquester.RPNCalcTests;
				PRODUCT_NAME = "$(TARGET_NAME)";
				SWIFT_EMIT_LOC_STRINGS = NO;
				SWIFT_VERSION = 5.0;
				TARGETED_DEVICE_FAMILY = "1,2";
				TEST_HOST = "$(BUILT_PRODUCTS_DIR)/RPNCalc.app/$(BUNDLE_EXECUTABLE_FOLDER_PATH)/RPNCalc";
			};
			name = Release;
		};
/* End XCBuildConfiguration section */

/* Begin XCConfigurationList section */
		FEF5112F2C3C4D5600AB1EDA /* Build configuration list for PBXProject "RPNCalc" */ = {
			isa = XCConfigurationList;
			buildConfigurations = (
				FEF511562C3C4D5800AB1EDA /* Debug */,
				FEF511572C3C4D5800AB1EDA /* Release */,
			);
			defaultConfigurationIsVisible = 0;
			defaultConfigurationName = Release;
		};
		FEF511582C3C4D5800AB1EDA /* Build configuration list for PBXNativeTarget "RPNCalc" */ = {
			isa = XCConfigurationList;
			buildConfigurations = (
				FEF511592C3C4D5800AB1EDA /* Debug */,
				FEF5115A2C3C4D5800AB1EDA /* Release */,
			);
			defaultConfigurationIsVisible = 0;
			defaultConfigurationName = Release;
		};
		FEF5115B2C3C4D5800AB1EDA /* Build configuration list for PBXNativeTarget "RPNCalcTests" */ = {
			isa = XCConfigurationList;
			buildConfigurations = (
				FEF5115C2C3C4D5800AB1EDA /* Debug */,
				FEF5115D2C3C4D5800AB1EDA /* Release */,
			);
			defaultConfigurationIsVisible = 0;
			defaultConfigurationName = Release;
		};
/* End XCConfigurationList section */

/* Begin XCRemoteSwiftPackageReference section */
		FE4C76A12C3DE11700ED711E /* XCRemoteSwiftPackageReference "swift-perception" */ = {
			isa = XCRemoteSwiftPackageReference;
			repositoryURL = "https://github.com/pointfreeco/swift-perception.git";
			requirement = {
				kind = upToNextMajorVersion;
				minimumVersion = 1.2.4;
			};
		};
		FE4C76A42C3DE14400ED711E /* XCRemoteSwiftPackageReference "swift-case-paths" */ = {
			isa = XCRemoteSwiftPackageReference;
			repositoryURL = "https://github.com/pointfreeco/swift-case-paths.git";
			requirement = {
				kind = upToNextMajorVersion;
				minimumVersion = 1.4.2;
			};
		};
		FE6A3CE12C3DC10A00C2FEE7 /* XCRemoteSwiftPackageReference "swift-composable-architecture" */ = {
			isa = XCRemoteSwiftPackageReference;
			repositoryURL = "https://github.com/pointfreeco/swift-composable-architecture.git";
			requirement = {
				kind = upToNextMajorVersion;
				minimumVersion = 1.11.2;
			};
		};
/* End XCRemoteSwiftPackageReference section */

/* Begin XCSwiftPackageProductDependency section */
		FE4C76A22C3DE11700ED711E /* Perception */ = {
			isa = XCSwiftPackageProductDependency;
			package = FE4C76A12C3DE11700ED711E /* XCRemoteSwiftPackageReference "swift-perception" */;
			productName = Perception;
		};
		FE4C76A52C3DE14400ED711E /* CasePaths */ = {
			isa = XCSwiftPackageProductDependency;
			package = FE4C76A42C3DE14400ED711E /* XCRemoteSwiftPackageReference "swift-case-paths" */;
			productName = CasePaths;
		};
		FE6A3CE22C3DC10A00C2FEE7 /* ComposableArchitecture */ = {
			isa = XCSwiftPackageProductDependency;
			package = FE6A3CE12C3DC10A00C2FEE7 /* XCRemoteSwiftPackageReference "swift-composable-architecture" */;
			productName = ComposableArchitecture;
		};
		FE9BF0F52C3DD7DC00F705A0 /* ComposableArchitecture */ = {
			isa = XCSwiftPackageProductDependency;
			package = FE6A3CE12C3DC10A00C2FEE7 /* XCRemoteSwiftPackageReference "swift-composable-architecture" */;
			productName = ComposableArchitecture;
		};
/* End XCSwiftPackageProductDependency section */
	};
	rootObject = FEF5112C2C3C4D5600AB1EDA /* Project object */;
}
